
Microsoft Visual Studio Solution File, Format Version 12.00
# Visual Studio Version 16
VisualStudioVersion = 16.0.30717.126
MinimumVisualStudioVersion = 10.0.40219.1
Project("{FAE04EC0-301F-11D3-BF4B-00C04F79EFBC}") = "PoeTrade", "PoeTrade.csproj", "{C8131D47-6B82-492B-B9E4-315614BDED73}"
EndProject
Global
	GlobalSection(SolutionConfigurationPlatforms) = preSolution
		Debug|Any CPU = Debug|Any CPU
		Release|Any CPU = Release|Any CPU
	EndGlobalSection
	GlobalSection(ProjectConfigurationPlatforms) = postSolution
		{C8131D47-6B82-492B-B9E4-315614BDED73}.Debug|Any CPU.ActiveCfg = Debug|Any CPU
		{C8131D47-6B82-492B-B9E4-315614BDED73}.Debug|Any CPU.Build.0 = Debug|Any CPU
		{C8131D47-6B82-492B-B9E4-315614BDED73}.Release|Any CPU.ActiveCfg = Release|Any CPU
		{C8131D47-6B82-492B-B9E4-315614BDED73}.Release|Any CPU.Build.0 = Release|Any CPU
	EndGlobalSection
	GlobalSection(SolutionProperties) = preSolution
		HideSolutionNode = FALSE
	EndGlobalSection
	GlobalSection(ExtensibilityGlobals) = postSolution
		SolutionGuid = {859EA237-E75D-4F8E-A6C5-80689E6D4F69}
	EndGlobalSection
EndGlobal
